
Microsoft Visual Studio Solution File, Format Version 12.00
# Visual Studio Version 17
VisualStudioVersion = 17.13.35828.75 d17.13
MinimumVisualStudioVersion = 10.0.40219.1
Project("{FAE04EC0-301F-11D3-BF4B-00C04F79EFBC}") = "C#ConsoleApp", "C#ConsoleApp\C#ConsoleApp.csproj", "{931A59DF-DEB4-4468-9D2C-52AA314DA61C}"
EndProject
Global
	GlobalSection(SolutionConfigurationPlatforms) = preSolution
		Debug|Any CPU = Debug|Any CPU
		Release|Any CPU = Release|Any CPU
	EndGlobalSection
	GlobalSection(ProjectConfigurationPlatforms) = postSolution
		{931A59DF-DEB4-4468-9D2C-52AA314DA61C}.Debug|Any CPU.ActiveCfg = Debug|Any CPU
		{931A59DF-DEB4-4468-9D2C-52AA314DA61C}.Debug|Any CPU.Build.0 = Debug|Any CPU
		{931A59DF-DEB4-4468-9D2C-52AA314DA61C}.Release|Any CPU.ActiveCfg = Release|Any CPU
		{931A59DF-DEB4-4468-9D2C-52AA314DA61C}.Release|Any CPU.Build.0 = Release|Any CPU
	EndGlobalSection
	GlobalSection(SolutionProperties) = preSolution
		HideSolutionNode = FALSE
	EndGlobalSection
	GlobalSection(ExtensibilityGlobals) = postSolution
		SolutionGuid = {4B639388-5502-4055-9B90-00EF770B70CE}
	EndGlobalSection
EndGlobal
